<?xml version="1.0" encoding="utf-8"?>
<Project ToolsVersion="4.0" xmlns="http://schemas.microsoft.com/developer/msbuild/2003">
  <ItemGroup>
    <Filter Include="Scenes">
      <UniqueIdentifier>{1becbe70-64bd-4eb8-af91-5f7e251617b3}</UniqueIdentifier>
    </Filter>
    <Filter Include="player">
      <UniqueIdentifier>{a861843f-83c8-4904-b492-46e8c70f783f}</UniqueIdentifier>
    </Filter>
    <Filter Include="Script">
      <UniqueIdentifier>{2b8493a1-dc92-42d4-a9c3-aded08d3003f}</UniqueIdentifier>
    </Filter>
  </ItemGroup>
  <ItemGroup>
    <ClInclude Include="meLoadScenes.h">
      <Filter>Scenes</Filter>
    </ClInclude>
    <ClInclude Include="meLoadResources.h" />
    <ClInclude Include="mePlayer.h">
      <Filter>player</Filter>
    </ClInclude>
    <ClInclude Include="resource.h" />
    <ClInclude Include="mePlayScene.h">
      <Filter>Scenes</Filter>
    </ClInclude>
    <ClInclude Include="meTitleScene.h">
      <Filter>Scenes</Filter>
    </ClInclude>
    <ClInclude Include="mePlayerScript.h">
      <Filter>Script</Filter>
    </ClInclude>
    <ClInclude Include="meCatScript.h">
      <Filter>Script</Filter>
    </ClInclude>
    <ClInclude Include="meCat.h">
      <Filter>player</Filter>
    </ClInclude>
  </ItemGroup>
  <ItemGroup>
    <ClCompile Include="mePlayer.cpp">
      <Filter>player</Filter>
    </ClCompile>
    <ClCompile Include="mePlayScene.cpp">
      <Filter>Scenes</Filter>
    </ClCompile>
    <ClCompile Include="meTitleScene.cpp">
      <Filter>Scenes</Filter>
    </ClCompile>
    <ClCompile Include="mePlayerScript.cpp">
      <Filter>Script</Filter>
    </ClCompile>
    <ClCompile Include="meCatScript.cpp">
      <Filter>Script</Filter>
    </ClCompile>
    <ClCompile Include="meCat.cpp">
      <Filter>player</Filter>
    </ClCompile>
  </ItemGroup>
  <ItemGroup>
    <ResourceCompile Include="sub1.rc" />
  </ItemGroup>
</Project>