<?xml version="1.0" encoding="utf-8"?>
<Project ToolsVersion="4.0" xmlns="http://schemas.microsoft.com/developer/msbuild/2003">
  <ItemGroup>
    <ClCompile Include="$(MSBuildThisFileDirectory)CHApplication.cpp" />
    <ClCompile Include="$(MSBuildThisFileDirectory)meGameobject.cpp" />
    <ClCompile Include="$(MSBuildThisFileDirectory)meinput.cpp" />
    <ClCompile Include="$(MSBuildThisFileDirectory)meLayer.cpp" />
    <ClCompile Include="$(MSBuildThisFileDirectory)meResource.cpp">
      <Filter>Resourse</Filter>
    </ClCompile>
    <ClCompile Include="$(MSBuildThisFileDirectory)meResources.cpp">
      <Filter>Resourse</Filter>
    </ClCompile>
    <ClCompile Include="$(MSBuildThisFileDirectory)meMath.cpp">
      <Filter>common</Filter>
    </ClCompile>
    <ClCompile Include="$(MSBuildThisFileDirectory)meEntity.cpp">
      <Filter>common</Filter>
    </ClCompile>
    <ClCompile Include="$(MSBuildThisFileDirectory)meScene.cpp">
      <Filter>Scene</Filter>
    </ClCompile>
    <ClCompile Include="$(MSBuildThisFileDirectory)meSceneManager.cpp">
      <Filter>Scene</Filter>
    </ClCompile>
    <ClCompile Include="$(MSBuildThisFileDirectory)meTime.cpp">
      <Filter>common</Filter>
    </ClCompile>
    <ClCompile Include="$(MSBuildThisFileDirectory)meTexture.cpp">
      <Filter>Resourse</Filter>
    </ClCompile>
    <ClCompile Include="$(MSBuildThisFileDirectory)meComponent.cpp">
      <Filter>component</Filter>
    </ClCompile>
    <ClCompile Include="$(MSBuildThisFileDirectory)meTransform.cpp">
      <Filter>component</Filter>
    </ClCompile>
    <ClCompile Include="$(MSBuildThisFileDirectory)meSpriteRenderer.cpp">
      <Filter>component</Filter>
    </ClCompile>
    <ClCompile Include="$(MSBuildThisFileDirectory)meScript.cpp" />
    <ClCompile Include="$(MSBuildThisFileDirectory)meRenderer.cpp" />
    <ClCompile Include="$(MSBuildThisFileDirectory)meCamera.cpp" />
    <ClCompile Include="$(MSBuildThisFileDirectory)meAnimator.cpp">
      <Filter>Animation</Filter>
    </ClCompile>
    <ClCompile Include="$(MSBuildThisFileDirectory)meAnimation.cpp">
      <Filter>Animation</Filter>
    </ClCompile>
    <ClCompile Include="$(MSBuildThisFileDirectory)meBoxCollider2D.cpp">
      <Filter>Collider</Filter>
    </ClCompile>
    <ClCompile Include="$(MSBuildThisFileDirectory)meCollider.cpp">
      <Filter>Collider</Filter>
    </ClCompile>
    <ClCompile Include="$(MSBuildThisFileDirectory)meCircleCollier2D.cpp">
      <Filter>Collider</Filter>
    </ClCompile>
  </ItemGroup>
  <ItemGroup>
    <ClInclude Include="$(MSBuildThisFileDirectory)CHApplication.h" />
    <ClInclude Include="$(MSBuildThisFileDirectory)meGameobject.h" />
    <ClInclude Include="$(MSBuildThisFileDirectory)meinput.h" />
    <ClInclude Include="$(MSBuildThisFileDirectory)meLayer.h" />
    <ClInclude Include="$(MSBuildThisFileDirectory)meResource.h">
      <Filter>Resourse</Filter>
    </ClInclude>
    <ClInclude Include="$(MSBuildThisFileDirectory)meResources.h">
      <Filter>Resourse</Filter>
    </ClInclude>
    <ClInclude Include="$(MSBuildThisFileDirectory)Commoninclude.h">
      <Filter>common</Filter>
    </ClInclude>
    <ClInclude Include="$(MSBuildThisFileDirectory)meMath.h">
      <Filter>common</Filter>
    </ClInclude>
    <ClInclude Include="$(MSBuildThisFileDirectory)meEntity.h">
      <Filter>common</Filter>
    </ClInclude>
    <ClInclude Include="$(MSBuildThisFileDirectory)meScene.h">
      <Filter>Scene</Filter>
    </ClInclude>
    <ClInclude Include="$(MSBuildThisFileDirectory)meSceneManager.h">
      <Filter>Scene</Filter>
    </ClInclude>
    <ClInclude Include="$(MSBuildThisFileDirectory)meTime.h">
      <Filter>common</Filter>
    </ClInclude>
    <ClInclude Include="$(MSBuildThisFileDirectory)meTexture.h">
      <Filter>Resourse</Filter>
    </ClInclude>
    <ClInclude Include="$(MSBuildThisFileDirectory)meComponent.h">
      <Filter>component</Filter>
    </ClInclude>
    <ClInclude Include="$(MSBuildThisFileDirectory)meTransform.h">
      <Filter>component</Filter>
    </ClInclude>
    <ClInclude Include="$(MSBuildThisFileDirectory)meSpriteRenderer.h">
      <Filter>component</Filter>
    </ClInclude>
    <ClInclude Include="$(MSBuildThisFileDirectory)meScript.h" />
    <ClInclude Include="$(MSBuildThisFileDirectory)meRenderer.h" />
    <ClInclude Include="$(MSBuildThisFileDirectory)meCamera.h" />
    <ClInclude Include="$(MSBuildThisFileDirectory)meEnums.h">
      <Filter>onlyheader</Filter>
    </ClInclude>
    <ClInclude Include="$(MSBuildThisFileDirectory)meObject.h">
      <Filter>onlyheader</Filter>
    </ClInclude>
    <ClInclude Include="$(MSBuildThisFileDirectory)meAnimator.h">
      <Filter>Animation</Filter>
    </ClInclude>
    <ClInclude Include="$(MSBuildThisFileDirectory)meAnimation.h">
      <Filter>Animation</Filter>
    </ClInclude>
    <ClInclude Include="$(MSBuildThisFileDirectory)meBoxCollider2D.h">
      <Filter>Collider</Filter>
    </ClInclude>
    <ClInclude Include="$(MSBuildThisFileDirectory)meCollider.h">
      <Filter>Collider</Filter>
    </ClInclude>
    <ClInclude Include="$(MSBuildThisFileDirectory)meCircleCollier2D.h">
      <Filter>Collider</Filter>
    </ClInclude>
  </ItemGroup>
  <ItemGroup>
    <Filter Include="Resourse">
      <UniqueIdentifier>{cb468d85-6329-4a81-be96-91237512ac83}</UniqueIdentifier>
    </Filter>
    <Filter Include="common">
      <UniqueIdentifier>{e343c284-975b-43d5-802f-24069cbe9a7a}</UniqueIdentifier>
    </Filter>
    <Filter Include="Scene">
      <UniqueIdentifier>{299a2163-0f1c-40cd-9808-e72959297e2c}</UniqueIdentifier>
    </Filter>
    <Filter Include="component">
      <UniqueIdentifier>{57eac756-b17e-4062-b7a5-6d0c8566a0d7}</UniqueIdentifier>
    </Filter>
    <Filter Include="onlyheader">
      <UniqueIdentifier>{2c0faca7-abf1-493b-a650-c49564b7d280}</UniqueIdentifier>
    </Filter>
    <Filter Include="Animation">
      <UniqueIdentifier>{9396ea64-bb4d-4878-965a-42d7b2874b4c}</UniqueIdentifier>
    </Filter>
    <Filter Include="Collider">
      <UniqueIdentifier>{476752db-fa0b-4c73-879e-51611d369cab}</UniqueIdentifier>
    </Filter>
  </ItemGroup>
</Project>