<?xml version="1.0" encoding="utf-8"?>
<Project ToolsVersion="4.0" xmlns="http://schemas.microsoft.com/developer/msbuild/2003">
  <ItemGroup>
    <ClCompile Include="$(MSBuildThisFileDirectory)CHApplication.cpp" />
    <ClCompile Include="$(MSBuildThisFileDirectory)Gameobject.cpp" />
    <ClCompile Include="$(MSBuildThisFileDirectory)input.cpp" />
    <ClCompile Include="$(MSBuildThisFileDirectory)Layer.cpp" />
    <ClCompile Include="$(MSBuildThisFileDirectory)Resource.cpp">
      <Filter>Resourse</Filter>
    </ClCompile>
    <ClCompile Include="$(MSBuildThisFileDirectory)Resources.cpp">
      <Filter>Resourse</Filter>
    </ClCompile>
    <ClCompile Include="$(MSBuildThisFileDirectory)mMath.cpp">
      <Filter>common</Filter>
    </ClCompile>
    <ClCompile Include="$(MSBuildThisFileDirectory)Entity.cpp">
      <Filter>common</Filter>
    </ClCompile>
    <ClCompile Include="$(MSBuildThisFileDirectory)Scene.cpp">
      <Filter>Scene</Filter>
    </ClCompile>
    <ClCompile Include="$(MSBuildThisFileDirectory)SceneManager.cpp">
      <Filter>Scene</Filter>
    </ClCompile>
    <ClCompile Include="$(MSBuildThisFileDirectory)Time.cpp">
      <Filter>common</Filter>
    </ClCompile>
    <ClCompile Include="$(MSBuildThisFileDirectory)Texture.cpp">
      <Filter>Resourse</Filter>
    </ClCompile>
    <ClCompile Include="$(MSBuildThisFileDirectory)Component.cpp">
      <Filter>component</Filter>
    </ClCompile>
    <ClCompile Include="$(MSBuildThisFileDirectory)Transform.cpp">
      <Filter>component</Filter>
    </ClCompile>
    <ClCompile Include="$(MSBuildThisFileDirectory)SpriteRenderer.cpp">
      <Filter>component</Filter>
    </ClCompile>
    <ClCompile Include="$(MSBuildThisFileDirectory)Script.cpp" />
    <ClCompile Include="$(MSBuildThisFileDirectory)Renderer.cpp" />
    <ClCompile Include="$(MSBuildThisFileDirectory)Camera.cpp" />
    <ClCompile Include="$(MSBuildThisFileDirectory)Animator.cpp">
      <Filter>Animation</Filter>
    </ClCompile>
    <ClCompile Include="$(MSBuildThisFileDirectory)Animation.cpp">
      <Filter>Animation</Filter>
    </ClCompile>
  </ItemGroup>
  <ItemGroup>
    <ClInclude Include="$(MSBuildThisFileDirectory)CHApplication.h" />
    <ClInclude Include="$(MSBuildThisFileDirectory)Gameobject.h" />
    <ClInclude Include="$(MSBuildThisFileDirectory)input.h" />
    <ClInclude Include="$(MSBuildThisFileDirectory)Layer.h" />
    <ClInclude Include="$(MSBuildThisFileDirectory)Resource.h">
      <Filter>Resourse</Filter>
    </ClInclude>
    <ClInclude Include="$(MSBuildThisFileDirectory)Resources.h">
      <Filter>Resourse</Filter>
    </ClInclude>
    <ClInclude Include="$(MSBuildThisFileDirectory)Commoninclude.h">
      <Filter>common</Filter>
    </ClInclude>
    <ClInclude Include="$(MSBuildThisFileDirectory)mMath.h">
      <Filter>common</Filter>
    </ClInclude>
    <ClInclude Include="$(MSBuildThisFileDirectory)Entity.h">
      <Filter>common</Filter>
    </ClInclude>
    <ClInclude Include="$(MSBuildThisFileDirectory)Scene.h">
      <Filter>Scene</Filter>
    </ClInclude>
    <ClInclude Include="$(MSBuildThisFileDirectory)SceneManager.h">
      <Filter>Scene</Filter>
    </ClInclude>
    <ClInclude Include="$(MSBuildThisFileDirectory)Time.h">
      <Filter>common</Filter>
    </ClInclude>
    <ClInclude Include="$(MSBuildThisFileDirectory)Texture.h">
      <Filter>Resourse</Filter>
    </ClInclude>
    <ClInclude Include="$(MSBuildThisFileDirectory)Component.h">
      <Filter>component</Filter>
    </ClInclude>
    <ClInclude Include="$(MSBuildThisFileDirectory)Transform.h">
      <Filter>component</Filter>
    </ClInclude>
    <ClInclude Include="$(MSBuildThisFileDirectory)SpriteRenderer.h">
      <Filter>component</Filter>
    </ClInclude>
    <ClInclude Include="$(MSBuildThisFileDirectory)Script.h" />
    <ClInclude Include="$(MSBuildThisFileDirectory)Renderer.h" />
    <ClInclude Include="$(MSBuildThisFileDirectory)Camera.h" />
    <ClInclude Include="$(MSBuildThisFileDirectory)Enums.h">
      <Filter>onlyheader</Filter>
    </ClInclude>
    <ClInclude Include="$(MSBuildThisFileDirectory)Object.h">
      <Filter>onlyheader</Filter>
    </ClInclude>
    <ClInclude Include="$(MSBuildThisFileDirectory)Animator.h">
      <Filter>Animation</Filter>
    </ClInclude>
    <ClInclude Include="$(MSBuildThisFileDirectory)Animation.h">
      <Filter>Animation</Filter>
    </ClInclude>
  </ItemGroup>
  <ItemGroup>
    <Filter Include="Resourse">
      <UniqueIdentifier>{cb468d85-6329-4a81-be96-91237512ac83}</UniqueIdentifier>
    </Filter>
    <Filter Include="common">
      <UniqueIdentifier>{e343c284-975b-43d5-802f-24069cbe9a7a}</UniqueIdentifier>
    </Filter>
    <Filter Include="Scene">
      <UniqueIdentifier>{299a2163-0f1c-40cd-9808-e72959297e2c}</UniqueIdentifier>
    </Filter>
    <Filter Include="component">
      <UniqueIdentifier>{57eac756-b17e-4062-b7a5-6d0c8566a0d7}</UniqueIdentifier>
    </Filter>
    <Filter Include="onlyheader">
      <UniqueIdentifier>{2c0faca7-abf1-493b-a650-c49564b7d280}</UniqueIdentifier>
    </Filter>
    <Filter Include="Animation">
      <UniqueIdentifier>{9396ea64-bb4d-4878-965a-42d7b2874b4c}</UniqueIdentifier>
    </Filter>
  </ItemGroup>
</Project>